
Microsoft Visual Studio Solution File, Format Version 12.00
# Visual Studio Version 17
VisualStudioVersion = 17.10.35027.167
MinimumVisualStudioVersion = 10.0.40219.1
Project("{9A19103F-16F7-4668-BE54-9A1E7A4F7556}") = "Trade_Presentation", "Trade_Presentation.csproj", "{24E4ED7C-335B-4DA1-A136-5AD44C2FE510}"
EndProject
Project("{9A19103F-16F7-4668-BE54-9A1E7A4F7556}") = "Trade_Infrastructure", "..\Trade_Infrastructure\Trade_Infrastructure.csproj", "{5220331D-D781-4C16-894E-805EB7699335}"
EndProject
Project("{9A19103F-16F7-4668-BE54-9A1E7A4F7556}") = "Trade_Domain", "..\Trade_Domain\Trade_Domain.csproj", "{03962926-1AA1-454A-A8EC-39E06073C52D}"
EndProject
Project("{9A19103F-16F7-4668-BE54-9A1E7A4F7556}") = "Trade_Application", "..\Trade_Application\Trade_Application.csproj", "{9334C508-A95C-4EAA-A5B2-6EC756F21C4B}"
EndProject
Global
	GlobalSection(SolutionConfigurationPlatforms) = preSolution
		Debug|Any CPU = Debug|Any CPU
		Release|Any CPU = Release|Any CPU
	EndGlobalSection
	GlobalSection(ProjectConfigurationPlatforms) = postSolution
		{24E4ED7C-335B-4DA1-A136-5AD44C2FE510}.Debug|Any CPU.ActiveCfg = Debug|Any CPU
		{24E4ED7C-335B-4DA1-A136-5AD44C2FE510}.Debug|Any CPU.Build.0 = Debug|Any CPU
		{24E4ED7C-335B-4DA1-A136-5AD44C2FE510}.Release|Any CPU.ActiveCfg = Release|Any CPU
		{24E4ED7C-335B-4DA1-A136-5AD44C2FE510}.Release|Any CPU.Build.0 = Release|Any CPU
		{5220331D-D781-4C16-894E-805EB7699335}.Debug|Any CPU.ActiveCfg = Debug|Any CPU
		{5220331D-D781-4C16-894E-805EB7699335}.Debug|Any CPU.Build.0 = Debug|Any CPU
		{5220331D-D781-4C16-894E-805EB7699335}.Release|Any CPU.ActiveCfg = Release|Any CPU
		{5220331D-D781-4C16-894E-805EB7699335}.Release|Any CPU.Build.0 = Release|Any CPU
		{03962926-1AA1-454A-A8EC-39E06073C52D}.Debug|Any CPU.ActiveCfg = Debug|Any CPU
		{03962926-1AA1-454A-A8EC-39E06073C52D}.Debug|Any CPU.Build.0 = Debug|Any CPU
		{03962926-1AA1-454A-A8EC-39E06073C52D}.Release|Any CPU.ActiveCfg = Release|Any CPU
		{03962926-1AA1-454A-A8EC-39E06073C52D}.Release|Any CPU.Build.0 = Release|Any CPU
		{9334C508-A95C-4EAA-A5B2-6EC756F21C4B}.Debug|Any CPU.ActiveCfg = Debug|Any CPU
		{9334C508-A95C-4EAA-A5B2-6EC756F21C4B}.Debug|Any CPU.Build.0 = Debug|Any CPU
		{9334C508-A95C-4EAA-A5B2-6EC756F21C4B}.Release|Any CPU.ActiveCfg = Release|Any CPU
		{9334C508-A95C-4EAA-A5B2-6EC756F21C4B}.Release|Any CPU.Build.0 = Release|Any CPU
	EndGlobalSection
	GlobalSection(SolutionProperties) = preSolution
		HideSolutionNode = FALSE
	EndGlobalSection
	GlobalSection(ExtensibilityGlobals) = postSolution
		SolutionGuid = {6920B019-4D72-436F-87EE-685B07991A0A}
	EndGlobalSection
EndGlobal
